
Microsoft Visual Studio Solution File, Format Version 12.00
# Visual Studio Version 17
VisualStudioVersion = 17.7.34024.191
MinimumVisualStudioVersion = 10.0.40219.1
Project("{8BC9CEB8-8B4A-11D0-8D11-00A0C91BC942}") = "lab4", "lab4\lab4.vcxproj", "{C2CD9985-E62C-47FF-A3CC-E59D0806463A}"
EndProject
Project("{8BC9CEB8-8B4A-11D0-8D11-00A0C91BC942}") = "lab4.2", "lab4.2\lab4.2.vcxproj", "{E26A01D7-4AC9-43C6-8B28-D0765CCC3F3D}"
EndProject
Project("{8BC9CEB8-8B4A-11D0-8D11-00A0C91BC942}") = "lab4.2.1", "lab4.2.1\lab4.2.1.vcxproj", "{0F698DFF-E5B6-4141-980E-4C2E1031F21D}"
EndProject
Project("{8BC9CEB8-8B4A-11D0-8D11-00A0C91BC942}") = "dop1.0(var3)", "dop1.0\dop1.0.vcxproj", "{7B42C4B1-4DF5-43E4-A9C3-6926B313C28B}"
EndProject
Project("{8BC9CEB8-8B4A-11D0-8D11-00A0C91BC942}") = "dop1.1", "dop1.1\dop1.1.vcxproj", "{FDF20935-A8E7-40F6-997D-9509E714F1DC}"
EndProject
Project("{8BC9CEB8-8B4A-11D0-8D11-00A0C91BC942}") = "dop1.2", "dop1.2\dop1.2.vcxproj", "{EF768896-70DB-4085-A23F-88A33ED8A914}"
EndProject
Project("{8BC9CEB8-8B4A-11D0-8D11-00A0C91BC942}") = "dop1.3", "dop1.3\dop1.3.vcxproj", "{5E2CC9D5-055B-4A0F-B195-99A9F6F14239}"
EndProject
Project("{8BC9CEB8-8B4A-11D0-8D11-00A0C91BC942}") = "dop2.0(var1)", "dop2.0\dop2.0.vcxproj", "{192BADF8-DBAE-42E6-8072-75F7B7993188}"
EndProject
Project("{8BC9CEB8-8B4A-11D0-8D11-00A0C91BC942}") = "dop2.1", "dop2.1\dop2.1.vcxproj", "{52FEA91E-6E17-4302-8CCC-1913A5AAC6CC}"
EndProject
Project("{8BC9CEB8-8B4A-11D0-8D11-00A0C91BC942}") = "dop2.2", "dop2.2\dop2.2.vcxproj", "{39629E3B-74C1-4435-99FD-6871CD695A44}"
EndProject
Project("{8BC9CEB8-8B4A-11D0-8D11-00A0C91BC942}") = "dop3.0(var2)", "dop3.0\dop3.0.vcxproj", "{32D376FA-7F67-4CA6-BA3B-0BD4828BB186}"
EndProject
Project("{8BC9CEB8-8B4A-11D0-8D11-00A0C91BC942}") = "dop3.1", "dop3.1\dop3.1.vcxproj", "{29ED13AB-50C2-4DD8-91DB-449A33448FA7}"
EndProject
Project("{8BC9CEB8-8B4A-11D0-8D11-00A0C91BC942}") = "dop3.2", "dop3.2\dop3.2.vcxproj", "{5B34F8C5-B575-43EF-838D-02BB9286B594}"
EndProject
Global
	GlobalSection(SolutionConfigurationPlatforms) = preSolution
		Debug|x64 = Debug|x64
		Debug|x86 = Debug|x86
		Release|x64 = Release|x64
		Release|x86 = Release|x86
	EndGlobalSection
	GlobalSection(ProjectConfigurationPlatforms) = postSolution
		{C2CD9985-E62C-47FF-A3CC-E59D0806463A}.Debug|x64.ActiveCfg = Debug|x64
		{C2CD9985-E62C-47FF-A3CC-E59D0806463A}.Debug|x64.Build.0 = Debug|x64
		{C2CD9985-E62C-47FF-A3CC-E59D0806463A}.Debug|x86.ActiveCfg = Debug|Win32
		{C2CD9985-E62C-47FF-A3CC-E59D0806463A}.Debug|x86.Build.0 = Debug|Win32
		{C2CD9985-E62C-47FF-A3CC-E59D0806463A}.Release|x64.ActiveCfg = Release|x64
		{C2CD9985-E62C-47FF-A3CC-E59D0806463A}.Release|x64.Build.0 = Release|x64
		{C2CD9985-E62C-47FF-A3CC-E59D0806463A}.Release|x86.ActiveCfg = Release|Win32
		{C2CD9985-E62C-47FF-A3CC-E59D0806463A}.Release|x86.Build.0 = Release|Win32
		{E26A01D7-4AC9-43C6-8B28-D0765CCC3F3D}.Debug|x64.ActiveCfg = Debug|x64
		{E26A01D7-4AC9-43C6-8B28-D0765CCC3F3D}.Debug|x64.Build.0 = Debug|x64
		{E26A01D7-4AC9-43C6-8B28-D0765CCC3F3D}.Debug|x86.ActiveCfg = Debug|Win32
		{E26A01D7-4AC9-43C6-8B28-D0765CCC3F3D}.Debug|x86.Build.0 = Debug|Win32
		{E26A01D7-4AC9-43C6-8B28-D0765CCC3F3D}.Release|x64.ActiveCfg = Release|x64
		{E26A01D7-4AC9-43C6-8B28-D0765CCC3F3D}.Release|x64.Build.0 = Release|x64
		{E26A01D7-4AC9-43C6-8B28-D0765CCC3F3D}.Release|x86.ActiveCfg = Release|Win32
		{E26A01D7-4AC9-43C6-8B28-D0765CCC3F3D}.Release|x86.Build.0 = Release|Win32
		{0F698DFF-E5B6-4141-980E-4C2E1031F21D}.Debug|x64.ActiveCfg = Debug|x64
		{0F698DFF-E5B6-4141-980E-4C2E1031F21D}.Debug|x64.Build.0 = Debug|x64
		{0F698DFF-E5B6-4141-980E-4C2E1031F21D}.Debug|x86.ActiveCfg = Debug|Win32
		{0F698DFF-E5B6-4141-980E-4C2E1031F21D}.Debug|x86.Build.0 = Debug|Win32
		{0F698DFF-E5B6-4141-980E-4C2E1031F21D}.Release|x64.ActiveCfg = Release|x64
		{0F698DFF-E5B6-4141-980E-4C2E1031F21D}.Release|x64.Build.0 = Release|x64
		{0F698DFF-E5B6-4141-980E-4C2E1031F21D}.Release|x86.ActiveCfg = Release|Win32
		{0F698DFF-E5B6-4141-980E-4C2E1031F21D}.Release|x86.Build.0 = Release|Win32
		{7B42C4B1-4DF5-43E4-A9C3-6926B313C28B}.Debug|x64.ActiveCfg = Debug|x64
		{7B42C4B1-4DF5-43E4-A9C3-6926B313C28B}.Debug|x64.Build.0 = Debug|x64
		{7B42C4B1-4DF5-43E4-A9C3-6926B313C28B}.Debug|x86.ActiveCfg = Debug|Win32
		{7B42C4B1-4DF5-43E4-A9C3-6926B313C28B}.Debug|x86.Build.0 = Debug|Win32
		{7B42C4B1-4DF5-43E4-A9C3-6926B313C28B}.Release|x64.ActiveCfg = Release|x64
		{7B42C4B1-4DF5-43E4-A9C3-6926B313C28B}.Release|x64.Build.0 = Release|x64
		{7B42C4B1-4DF5-43E4-A9C3-6926B313C28B}.Release|x86.ActiveCfg = Release|Win32
		{7B42C4B1-4DF5-43E4-A9C3-6926B313C28B}.Release|x86.Build.0 = Release|Win32
		{FDF20935-A8E7-40F6-997D-9509E714F1DC}.Debug|x64.ActiveCfg = Debug|x64
		{FDF20935-A8E7-40F6-997D-9509E714F1DC}.Debug|x64.Build.0 = Debug|x64
		{FDF20935-A8E7-40F6-997D-9509E714F1DC}.Debug|x86.ActiveCfg = Debug|Win32
		{FDF20935-A8E7-40F6-997D-9509E714F1DC}.Debug|x86.Build.0 = Debug|Win32
		{FDF20935-A8E7-40F6-997D-9509E714F1DC}.Release|x64.ActiveCfg = Release|x64
		{FDF20935-A8E7-40F6-997D-9509E714F1DC}.Release|x64.Build.0 = Release|x64
		{FDF20935-A8E7-40F6-997D-9509E714F1DC}.Release|x86.ActiveCfg = Release|Win32
		{FDF20935-A8E7-40F6-997D-9509E714F1DC}.Release|x86.Build.0 = Release|Win32
		{EF768896-70DB-4085-A23F-88A33ED8A914}.Debug|x64.ActiveCfg = Debug|x64
		{EF768896-70DB-4085-A23F-88A33ED8A914}.Debug|x64.Build.0 = Debug|x64
		{EF768896-70DB-4085-A23F-88A33ED8A914}.Debug|x86.ActiveCfg = Debug|Win32
		{EF768896-70DB-4085-A23F-88A33ED8A914}.Debug|x86.Build.0 = Debug|Win32
		{EF768896-70DB-4085-A23F-88A33ED8A914}.Release|x64.ActiveCfg = Release|x64
		{EF768896-70DB-4085-A23F-88A33ED8A914}.Release|x64.Build.0 = Release|x64
		{EF768896-70DB-4085-A23F-88A33ED8A914}.Release|x86.ActiveCfg = Release|Win32
		{EF768896-70DB-4085-A23F-88A33ED8A914}.Release|x86.Build.0 = Release|Win32
		{5E2CC9D5-055B-4A0F-B195-99A9F6F14239}.Debug|x64.ActiveCfg = Debug|x64
		{5E2CC9D5-055B-4A0F-B195-99A9F6F14239}.Debug|x64.Build.0 = Debug|x64
		{5E2CC9D5-055B-4A0F-B195-99A9F6F14239}.Debug|x86.ActiveCfg = Debug|Win32
		{5E2CC9D5-055B-4A0F-B195-99A9F6F14239}.Debug|x86.Build.0 = Debug|Win32
		{5E2CC9D5-055B-4A0F-B195-99A9F6F14239}.Release|x64.ActiveCfg = Release|x64
		{5E2CC9D5-055B-4A0F-B195-99A9F6F14239}.Release|x64.Build.0 = Release|x64
		{5E2CC9D5-055B-4A0F-B195-99A9F6F14239}.Release|x86.ActiveCfg = Release|Win32
		{5E2CC9D5-055B-4A0F-B195-99A9F6F14239}.Release|x86.Build.0 = Release|Win32
		{192BADF8-DBAE-42E6-8072-75F7B7993188}.Debug|x64.ActiveCfg = Debug|x64
		{192BADF8-DBAE-42E6-8072-75F7B7993188}.Debug|x64.Build.0 = Debug|x64
		{192BADF8-DBAE-42E6-8072-75F7B7993188}.Debug|x86.ActiveCfg = Debug|Win32
		{192BADF8-DBAE-42E6-8072-75F7B7993188}.Debug|x86.Build.0 = Debug|Win32
		{192BADF8-DBAE-42E6-8072-75F7B7993188}.Release|x64.ActiveCfg = Release|x64
		{192BADF8-DBAE-42E6-8072-75F7B7993188}.Release|x64.Build.0 = Release|x64
		{192BADF8-DBAE-42E6-8072-75F7B7993188}.Release|x86.ActiveCfg = Release|Win32
		{192BADF8-DBAE-42E6-8072-75F7B7993188}.Release|x86.Build.0 = Release|Win32
		{52FEA91E-6E17-4302-8CCC-1913A5AAC6CC}.Debug|x64.ActiveCfg = Debug|x64
		{52FEA91E-6E17-4302-8CCC-1913A5AAC6CC}.Debug|x64.Build.0 = Debug|x64
		{52FEA91E-6E17-4302-8CCC-1913A5AAC6CC}.Debug|x86.ActiveCfg = Debug|Win32
		{52FEA91E-6E17-4302-8CCC-1913A5AAC6CC}.Debug|x86.Build.0 = Debug|Win32
		{52FEA91E-6E17-4302-8CCC-1913A5AAC6CC}.Release|x64.ActiveCfg = Release|x64
		{52FEA91E-6E17-4302-8CCC-1913A5AAC6CC}.Release|x64.Build.0 = Release|x64
		{52FEA91E-6E17-4302-8CCC-1913A5AAC6CC}.Release|x86.ActiveCfg = Release|Win32
		{52FEA91E-6E17-4302-8CCC-1913A5AAC6CC}.Release|x86.Build.0 = Release|Win32
		{39629E3B-74C1-4435-99FD-6871CD695A44}.Debug|x64.ActiveCfg = Debug|x64
		{39629E3B-74C1-4435-99FD-6871CD695A44}.Debug|x64.Build.0 = Debug|x64
		{39629E3B-74C1-4435-99FD-6871CD695A44}.Debug|x86.ActiveCfg = Debug|Win32
		{39629E3B-74C1-4435-99FD-6871CD695A44}.Debug|x86.Build.0 = Debug|Win32
		{39629E3B-74C1-4435-99FD-6871CD695A44}.Release|x64.ActiveCfg = Release|x64
		{39629E3B-74C1-4435-99FD-6871CD695A44}.Release|x64.Build.0 = Release|x64
		{39629E3B-74C1-4435-99FD-6871CD695A44}.Release|x86.ActiveCfg = Release|Win32
		{39629E3B-74C1-4435-99FD-6871CD695A44}.Release|x86.Build.0 = Release|Win32
		{32D376FA-7F67-4CA6-BA3B-0BD4828BB186}.Debug|x64.ActiveCfg = Debug|x64
		{32D376FA-7F67-4CA6-BA3B-0BD4828BB186}.Debug|x64.Build.0 = Debug|x64
		{32D376FA-7F67-4CA6-BA3B-0BD4828BB186}.Debug|x86.ActiveCfg = Debug|Win32
		{32D376FA-7F67-4CA6-BA3B-0BD4828BB186}.Debug|x86.Build.0 = Debug|Win32
		{32D376FA-7F67-4CA6-BA3B-0BD4828BB186}.Release|x64.ActiveCfg = Release|x64
		{32D376FA-7F67-4CA6-BA3B-0BD4828BB186}.Release|x64.Build.0 = Release|x64
		{32D376FA-7F67-4CA6-BA3B-0BD4828BB186}.Release|x86.ActiveCfg = Release|Win32
		{32D376FA-7F67-4CA6-BA3B-0BD4828BB186}.Release|x86.Build.0 = Release|Win32
		{29ED13AB-50C2-4DD8-91DB-449A33448FA7}.Debug|x64.ActiveCfg = Debug|x64
		{29ED13AB-50C2-4DD8-91DB-449A33448FA7}.Debug|x64.Build.0 = Debug|x64
		{29ED13AB-50C2-4DD8-91DB-449A33448FA7}.Debug|x86.ActiveCfg = Debug|Win32
		{29ED13AB-50C2-4DD8-91DB-449A33448FA7}.Debug|x86.Build.0 = Debug|Win32
		{29ED13AB-50C2-4DD8-91DB-449A33448FA7}.Release|x64.ActiveCfg = Release|x64
		{29ED13AB-50C2-4DD8-91DB-449A33448FA7}.Release|x64.Build.0 = Release|x64
		{29ED13AB-50C2-4DD8-91DB-449A33448FA7}.Release|x86.ActiveCfg = Release|Win32
		{29ED13AB-50C2-4DD8-91DB-449A33448FA7}.Release|x86.Build.0 = Release|Win32
		{5B34F8C5-B575-43EF-838D-02BB9286B594}.Debug|x64.ActiveCfg = Debug|x64
		{5B34F8C5-B575-43EF-838D-02BB9286B594}.Debug|x64.Build.0 = Debug|x64
		{5B34F8C5-B575-43EF-838D-02BB9286B594}.Debug|x86.ActiveCfg = Debug|Win32
		{5B34F8C5-B575-43EF-838D-02BB9286B594}.Debug|x86.Build.0 = Debug|Win32
		{5B34F8C5-B575-43EF-838D-02BB9286B594}.Release|x64.ActiveCfg = Release|x64
		{5B34F8C5-B575-43EF-838D-02BB9286B594}.Release|x64.Build.0 = Release|x64
		{5B34F8C5-B575-43EF-838D-02BB9286B594}.Release|x86.ActiveCfg = Release|Win32
		{5B34F8C5-B575-43EF-838D-02BB9286B594}.Release|x86.Build.0 = Release|Win32
	EndGlobalSection
	GlobalSection(SolutionProperties) = preSolution
		HideSolutionNode = FALSE
	EndGlobalSection
	GlobalSection(ExtensibilityGlobals) = postSolution
		SolutionGuid = {5A7656EF-0757-4A24-B216-A3624C3EBEC6}
	EndGlobalSection
EndGlobal
